
Microsoft Visual Studio Solution File, Format Version 12.00
# Visual Studio 15
VisualStudioVersion = 15.0.28307.1000
MinimumVisualStudioVersion = 10.0.40219.1
Project("{FAE04EC0-301F-11D3-BF4B-00C04F79EFBC}") = "SpecialJobsNew", "SpecialJobsNew\SpecialJobsNew.csproj", "{AC129C9C-DA20-490E-A357-361B80BED83C}"
EndProject
Global
	GlobalSection(SolutionConfigurationPlatforms) = preSolution
		Debug|x86 = Debug|x86
		Release|x86 = Release|x86
	EndGlobalSection
	GlobalSection(ProjectConfigurationPlatforms) = postSolution
		{AC129C9C-DA20-490E-A357-361B80BED83C}.Debug|x86.ActiveCfg = Debug|x86
		{AC129C9C-DA20-490E-A357-361B80BED83C}.Debug|x86.Build.0 = Debug|x86
		{AC129C9C-DA20-490E-A357-361B80BED83C}.Release|x86.ActiveCfg = Release|x86
		{AC129C9C-DA20-490E-A357-361B80BED83C}.Release|x86.Build.0 = Release|x86
	EndGlobalSection
	GlobalSection(SolutionProperties) = preSolution
		HideSolutionNode = FALSE
	EndGlobalSection
	GlobalSection(ExtensibilityGlobals) = postSolution
		SolutionGuid = {55D2F457-F5D4-4E37-B2FB-C03DFABF2CF1}
	EndGlobalSection
EndGlobal
